github.com/FortAwesome/Font-Awesome v0.0.0-20210316185733-d79d85c3fad8 h1:3h1ZlZmKNqZtiTD6FF7GijnIB/PU9/jR+dclHF80pFE=
github.com/FortAwesome/Font-Awesome v0.0.0-20210316185733-d79d85c3fad8/go.mod h1:IUgezN/MFpCDIlFezw3L8j83oeiIuYoj28Miwr/KUYo=
github.com/feathericons/feather v4.28.0+incompatible h1:yj5sEKFTs++4yGYA53kfB02D2iWmpS8HlchmKlESEc4=
github.com/feathericons/feather v4.28.0+incompatible/go.mod h1:+F8Ba9cmRHWu0pOVoZtid0iwkNJ8hr959HyPwj3hsRg=
github.com/powerfulweb/hugo-common v1.3.10 h1:y03UOv+m2iMMhqBy8wHCmdEw87u3c1rnEwuOueiMMX4=
github.com/powerfulweb/hugo-common v1.3.10/go.mod h1:/8lequv3EUoLp6Asytgz4Bho1PJUespnq8Zf27XcwAg=
github.com/simple-icons/simple-icons v0.0.0-20210425085441-01aa121e6a40 h1:9xn9jLT2nY4EjKrYZzVsSoWwhKHsthOCn0gV1s77QzY=
github.com/simple-icons/simple-icons v0.0.0-20210425085441-01aa121e6a40/go.mod h1:oOgUUt8yVYOso/wEBi2ojfZP2MU/xxiNccIpaE+jCvE=
github.com/twbs/icons v1.4.1 h1:Lw0T/XiHDgFKwkh5TcJ1LgB+8cLAB3QPlzjZXGn4pKU=
github.com/twbs/icons v1.4.1/go.mod h1:GnRlymgVWp5iVJCMa0Me5b6tFyGpVc2bSxPMRGIJmyA=
